
Microsoft Visual Studio Solution File, Format Version 12.00
# Visual Studio Version 16
VisualStudioVersion = 16.0.810.22
MinimumVisualStudioVersion = 10.0.40219.1
Project("{FAE04EC0-301F-11D3-BF4B-00C04F79EFBC}") = "InsertionSort", "InsertionSort\InsertionSort.csproj", "{9373EFA3-89BA-43AB-BEEA-FCB91381B653}"
EndProject
Global
	GlobalSection(SolutionConfigurationPlatforms) = preSolution
		Debug|Any CPU = Debug|Any CPU
		Release|Any CPU = Release|Any CPU
	EndGlobalSection
	GlobalSection(ProjectConfigurationPlatforms) = postSolution
		{9373EFA3-89BA-43AB-BEEA-FCB91381B653}.Debug|Any CPU.ActiveCfg = Debug|Any CPU
		{9373EFA3-89BA-43AB-BEEA-FCB91381B653}.Debug|Any CPU.Build.0 = Debug|Any CPU
		{9373EFA3-89BA-43AB-BEEA-FCB91381B653}.Release|Any CPU.ActiveCfg = Release|Any CPU
		{9373EFA3-89BA-43AB-BEEA-FCB91381B653}.Release|Any CPU.Build.0 = Release|Any CPU
	EndGlobalSection
	GlobalSection(SolutionProperties) = preSolution
		HideSolutionNode = FALSE
	EndGlobalSection
	GlobalSection(ExtensibilityGlobals) = postSolution
		SolutionGuid = {996C44A0-BC72-415C-A2EF-691D0C78ECC1}
	EndGlobalSection
EndGlobal
